// !$*UTF8*$!
{
	archiveVersion = 1;
	classes = {
	};
	objectVersion = 50;
	objects = {

/* Begin PBXBuildFile section */
		5313895D4F6A6E41C26BFA53 /* Pods_MovieListDemo.framework in Frameworks */ = {isa = PBXBuildFile; fileRef = EACC9908D2B849F725798F6A /* Pods_MovieListDemo.framework */; };
		EE11EA5C23B9A18B008F3342 /* AppCenter.swift in Sources */ = {isa = PBXBuildFile; fileRef = EE11EA5B23B9A18B008F3342 /* AppCenter.swift */; };
		EE11EA5E23B9C1BF008F3342 /* ImageConfiguration.swift in Sources */ = {isa = PBXBuildFile; fileRef = EE11EA5D23B9C1BF008F3342 /* ImageConfiguration.swift */; };
		EE17D89523BB0CA6009FEBD3 /* MovieListConfig.swift in Sources */ = {isa = PBXBuildFile; fileRef = EE17D89423BB0CA6009FEBD3 /* MovieListConfig.swift */; };
		EE17D8B723BB2489009FEBD3 /* MyDataSource.swift in Sources */ = {isa = PBXBuildFile; fileRef = EE17D8B623BB2489009FEBD3 /* MyDataSource.swift */; };
		EE2D9E3F23B9919F00A09A9E /* MovieListCell.swift in Sources */ = {isa = PBXBuildFile; fileRef = EE2D9E3D23B9919F00A09A9E /* MovieListCell.swift */; };
		EE2D9E4023B9919F00A09A9E /* MovieListCell.xib in Resources */ = {isa = PBXBuildFile; fileRef = EE2D9E3E23B9919F00A09A9E /* MovieListCell.xib */; };
		EE2D9E4223B991B600A09A9E /* MovieListCellViewModel.swift in Sources */ = {isa = PBXBuildFile; fileRef = EE2D9E4123B991B600A09A9E /* MovieListCellViewModel.swift */; };
		EE38DAD123B4C15600E6FEEA /* AppDelegate.swift in Sources */ = {isa = PBXBuildFile; fileRef = EE38DAD023B4C15600E6FEEA /* AppDelegate.swift */; };
		EE38DAD523B4C15600E6FEEA /* MovieListController.swift in Sources */ = {isa = PBXBuildFile; fileRef = EE38DAD423B4C15600E6FEEA /* MovieListController.swift */; };
		EE38DAD823B4C15600E6FEEA /* Main.storyboard in Resources */ = {isa = PBXBuildFile; fileRef = EE38DAD623B4C15600E6FEEA /* Main.storyboard */; };
		EE38DADA23B4C15C00E6FEEA /* Assets.xcassets in Resources */ = {isa = PBXBuildFile; fileRef = EE38DAD923B4C15C00E6FEEA /* Assets.xcassets */; };
		EE38DADD23B4C15C00E6FEEA /* LaunchScreen.storyboard in Resources */ = {isa = PBXBuildFile; fileRef = EE38DADB23B4C15C00E6FEEA /* LaunchScreen.storyboard */; };
		EE38DAE923B4C3DC00E6FEEA /* MovieDetailController.swift in Sources */ = {isa = PBXBuildFile; fileRef = EE38DAE823B4C3DC00E6FEEA /* MovieDetailController.swift */; };
		EE5654B323BB7FD500D64908 /* BookedMovie.swift in Sources */ = {isa = PBXBuildFile; fileRef = EE5654B223BB7FD500D64908 /* BookedMovie.swift */; };
		EE5654B523BBCFE900D64908 /* NoDataView.swift in Sources */ = {isa = PBXBuildFile; fileRef = EE5654B423BBCFE900D64908 /* NoDataView.swift */; };
		EE5654B723BBCFF400D64908 /* NoDataView.xib in Resources */ = {isa = PBXBuildFile; fileRef = EE5654B623BBCFF400D64908 /* NoDataView.xib */; };
		EE591AEE23B8C40C002F3410 /* MovieDiscoverQuery.swift in Sources */ = {isa = PBXBuildFile; fileRef = EE591AED23B8C40C002F3410 /* MovieDiscoverQuery.swift */; };
		EE591AF023B9266E002F3410 /* MovieListViewModel.swift in Sources */ = {isa = PBXBuildFile; fileRef = EE591AEF23B9266E002F3410 /* MovieListViewModel.swift */; };
		EE591AF223B9290F002F3410 /* MovieDetailViewModel.swift in Sources */ = {isa = PBXBuildFile; fileRef = EE591AF123B9290F002F3410 /* MovieDetailViewModel.swift */; };
		EE591AF423B92921002F3410 /* MovieListCoordinator.swift in Sources */ = {isa = PBXBuildFile; fileRef = EE591AF323B92921002F3410 /* MovieListCoordinator.swift */; };
		EE591AF623B92930002F3410 /* MovieDetailCoordinator.swift in Sources */ = {isa = PBXBuildFile; fileRef = EE591AF523B92930002F3410 /* MovieDetailCoordinator.swift */; };
		EE591AF823B92BBC002F3410 /* RootCoordinator.swift in Sources */ = {isa = PBXBuildFile; fileRef = EE591AF723B92BBC002F3410 /* RootCoordinator.swift */; };
		EE62B7FF23BC492300710DC8 /* StringExt.swift in Sources */ = {isa = PBXBuildFile; fileRef = EE62B7FE23BC492300710DC8 /* StringExt.swift */; };
		EE62B80223BC53F700710DC8 /* UIImageViewExt.swift in Sources */ = {isa = PBXBuildFile; fileRef = EE62B80123BC53F700710DC8 /* UIImageViewExt.swift */; };
		EEF71A5D23B8391300A3F417 /* Coordinator.swift in Sources */ = {isa = PBXBuildFile; fileRef = EEF71A5623B8391300A3F417 /* Coordinator.swift */; };
		EEF71A5E23B8391300A3F417 /* APIClient.swift in Sources */ = {isa = PBXBuildFile; fileRef = EEF71A5723B8391300A3F417 /* APIClient.swift */; };
		EEF71A5F23B8391300A3F417 /* UIViewController+Rx.swift in Sources */ = {isa = PBXBuildFile; fileRef = EEF71A5823B8391300A3F417 /* UIViewController+Rx.swift */; };
		EEF71A6023B8391300A3F417 /* ActivityIndicator.swift in Sources */ = {isa = PBXBuildFile; fileRef = EEF71A5923B8391300A3F417 /* ActivityIndicator.swift */; };
		EEF71A6123B8391300A3F417 /* RLMResultsExtension.swift in Sources */ = {isa = PBXBuildFile; fileRef = EEF71A5A23B8391300A3F417 /* RLMResultsExtension.swift */; };
		EEF71A6223B8391300A3F417 /* ErrorTracker.swift in Sources */ = {isa = PBXBuildFile; fileRef = EEF71A5B23B8391300A3F417 /* ErrorTracker.swift */; };
		EEF71A6723B8393000A3F417 /* ImageInteractor.swift in Sources */ = {isa = PBXBuildFile; fileRef = EEF71A6523B8393000A3F417 /* ImageInteractor.swift */; };
		EEF71A6A23B8526A00A3F417 /* MovieBriefModel.swift in Sources */ = {isa = PBXBuildFile; fileRef = EEF71A6923B8526A00A3F417 /* MovieBriefModel.swift */; };
		EEF71A6C23B852C100A3F417 /* MovieDetailModel.swift in Sources */ = {isa = PBXBuildFile; fileRef = EEF71A6B23B852C100A3F417 /* MovieDetailModel.swift */; };
		EEF71A6E23B854BE00A3F417 /* APIDiscoverPayloadModel.swift in Sources */ = {isa = PBXBuildFile; fileRef = EEF71A6D23B854BE00A3F417 /* APIDiscoverPayloadModel.swift */; };
		EEF71A7023B857F300A3F417 /* APIFailModel.swift in Sources */ = {isa = PBXBuildFile; fileRef = EEF71A6F23B857F300A3F417 /* APIFailModel.swift */; };
		EEF71A7823B877A700A3F417 /* CountryInfoModel.swift in Sources */ = {isa = PBXBuildFile; fileRef = EEF71A7723B877A700A3F417 /* CountryInfoModel.swift */; };
		EEF71A7A23B877C000A3F417 /* LanguageInfoModel.swift in Sources */ = {isa = PBXBuildFile; fileRef = EEF71A7923B877C000A3F417 /* LanguageInfoModel.swift */; };
		EEF71A7C23B87F2300A3F417 /* MovieInteractor.swift in Sources */ = {isa = PBXBuildFile; fileRef = EEF71A7B23B87F2300A3F417 /* MovieInteractor.swift */; };
/* End PBXBuildFile section */

/* Begin PBXFileReference section */
		59CD22BCE89BA9AFFB047890 /* Pods-MovieListDemo.release.xcconfig */ = {isa = PBXFileReference; includeInIndex = 1; lastKnownFileType = text.xcconfig; name = "Pods-MovieListDemo.release.xcconfig"; path = "Target Support Files/Pods-MovieListDemo/Pods-MovieListDemo.release.xcconfig"; sourceTree = "<group>"; };
		DAA351FC7D00B66548890BC4 /* Pods-MovieListDemo.debug.xcconfig */ = {isa = PBXFileReference; includeInIndex = 1; lastKnownFileType = text.xcconfig; name = "Pods-MovieListDemo.debug.xcconfig"; path = "Target Support Files/Pods-MovieListDemo/Pods-MovieListDemo.debug.xcconfig"; sourceTree = "<group>"; };
		EACC9908D2B849F725798F6A /* Pods_MovieListDemo.framework */ = {isa = PBXFileReference; explicitFileType = wrapper.framework; includeInIndex = 0; path = Pods_MovieListDemo.framework; sourceTree = BUILT_PRODUCTS_DIR; };
		EE11EA5B23B9A18B008F3342 /* AppCenter.swift */ = {isa = PBXFileReference; lastKnownFileType = sourcecode.swift; path = AppCenter.swift; sourceTree = "<group>"; };
		EE11EA5D23B9C1BF008F3342 /* ImageConfiguration.swift */ = {isa = PBXFileReference; lastKnownFileType = sourcecode.swift; path = ImageConfiguration.swift; sourceTree = "<group>"; };
		EE17D89423BB0CA6009FEBD3 /* MovieListConfig.swift */ = {isa = PBXFileReference; lastKnownFileType = sourcecode.swift; path = MovieListConfig.swift; sourceTree = "<group>"; };
		EE17D8B623BB2489009FEBD3 /* MyDataSource.swift */ = {isa = PBXFileReference; lastKnownFileType = sourcecode.swift; path = MyDataSource.swift; sourceTree = "<group>"; };
		EE2D9E3D23B9919F00A09A9E /* MovieListCell.swift */ = {isa = PBXFileReference; lastKnownFileType = sourcecode.swift; path = MovieListCell.swift; sourceTree = "<group>"; };
		EE2D9E3E23B9919F00A09A9E /* MovieListCell.xib */ = {isa = PBXFileReference; lastKnownFileType = file.xib; path = MovieListCell.xib; sourceTree = "<group>"; };
		EE2D9E4123B991B600A09A9E /* MovieListCellViewModel.swift */ = {isa = PBXFileReference; lastKnownFileType = sourcecode.swift; path = MovieListCellViewModel.swift; sourceTree = "<group>"; };
		EE38DACD23B4C15600E6FEEA /* MovieListDemo.app */ = {isa = PBXFileReference; explicitFileType = wrapper.application; includeInIndex = 0; path = MovieListDemo.app; sourceTree = BUILT_PRODUCTS_DIR; };
		EE38DAD023B4C15600E6FEEA /* AppDelegate.swift */ = {isa = PBXFileReference; lastKnownFileType = sourcecode.swift; path = AppDelegate.swift; sourceTree = "<group>"; };
		EE38DAD423B4C15600E6FEEA /* MovieListController.swift */ = {isa = PBXFileReference; lastKnownFileType = sourcecode.swift; path = MovieListController.swift; sourceTree = "<group>"; };
		EE38DAD723B4C15600E6FEEA /* Base */ = {isa = PBXFileReference; lastKnownFileType = file.storyboard; name = Base; path = Base.lproj/Main.storyboard; sourceTree = "<group>"; };
		EE38DAD923B4C15C00E6FEEA /* Assets.xcassets */ = {isa = PBXFileReference; lastKnownFileType = folder.assetcatalog; path = Assets.xcassets; sourceTree = "<group>"; };
		EE38DADC23B4C15C00E6FEEA /* Base */ = {isa = PBXFileReference; lastKnownFileType = file.storyboard; name = Base; path = Base.lproj/LaunchScreen.storyboard; sourceTree = "<group>"; };
		EE38DADE23B4C15C00E6FEEA /* Info.plist */ = {isa = PBXFileReference; lastKnownFileType = text.plist.xml; path = Info.plist; sourceTree = "<group>"; };
		EE38DAE823B4C3DC00E6FEEA /* MovieDetailController.swift */ = {isa = PBXFileReference; lastKnownFileType = sourcecode.swift; path = MovieDetailController.swift; sourceTree = "<group>"; };
		EE5654B223BB7FD500D64908 /* BookedMovie.swift */ = {isa = PBXFileReference; lastKnownFileType = sourcecode.swift; path = BookedMovie.swift; sourceTree = "<group>"; };
		EE5654B423BBCFE900D64908 /* NoDataView.swift */ = {isa = PBXFileReference; lastKnownFileType = sourcecode.swift; path = NoDataView.swift; sourceTree = "<group>"; };
		EE5654B623BBCFF400D64908 /* NoDataView.xib */ = {isa = PBXFileReference; lastKnownFileType = file.xib; path = NoDataView.xib; sourceTree = "<group>"; };
		EE591AED23B8C40C002F3410 /* MovieDiscoverQuery.swift */ = {isa = PBXFileReference; lastKnownFileType = sourcecode.swift; path = MovieDiscoverQuery.swift; sourceTree = "<group>"; };
		EE591AEF23B9266E002F3410 /* MovieListViewModel.swift */ = {isa = PBXFileReference; lastKnownFileType = sourcecode.swift; path = MovieListViewModel.swift; sourceTree = "<group>"; };
		EE591AF123B9290F002F3410 /* MovieDetailViewModel.swift */ = {isa = PBXFileReference; lastKnownFileType = sourcecode.swift; path = MovieDetailViewModel.swift; sourceTree = "<group>"; };
		EE591AF323B92921002F3410 /* MovieListCoordinator.swift */ = {isa = PBXFileReference; lastKnownFileType = sourcecode.swift; path = MovieListCoordinator.swift; sourceTree = "<group>"; };
		EE591AF523B92930002F3410 /* MovieDetailCoordinator.swift */ = {isa = PBXFileReference; lastKnownFileType = sourcecode.swift; path = MovieDetailCoordinator.swift; sourceTree = "<group>"; };
		EE591AF723B92BBC002F3410 /* RootCoordinator.swift */ = {isa = PBXFileReference; lastKnownFileType = sourcecode.swift; path = RootCoordinator.swift; sourceTree = "<group>"; };
		EE62B7FE23BC492300710DC8 /* StringExt.swift */ = {isa = PBXFileReference; fileEncoding = 4; lastKnownFileType = sourcecode.swift; path = StringExt.swift; sourceTree = "<group>"; };
		EE62B80123BC53F700710DC8 /* UIImageViewExt.swift */ = {isa = PBXFileReference; lastKnownFileType = sourcecode.swift; path = UIImageViewExt.swift; sourceTree = "<group>"; };
		EEF71A5623B8391300A3F417 /* Coordinator.swift */ = {isa = PBXFileReference; fileEncoding = 4; lastKnownFileType = sourcecode.swift; path = Coordinator.swift; sourceTree = "<group>"; };
		EEF71A5723B8391300A3F417 /* APIClient.swift */ = {isa = PBXFileReference; fileEncoding = 4; lastKnownFileType = sourcecode.swift; path = APIClient.swift; sourceTree = "<group>"; };
		EEF71A5823B8391300A3F417 /* UIViewController+Rx.swift */ = {isa = PBXFileReference; fileEncoding = 4; lastKnownFileType = sourcecode.swift; path = "UIViewController+Rx.swift"; sourceTree = "<group>"; };
		EEF71A5923B8391300A3F417 /* ActivityIndicator.swift */ = {isa = PBXFileReference; fileEncoding = 4; lastKnownFileType = sourcecode.swift; path = ActivityIndicator.swift; sourceTree = "<group>"; };
		EEF71A5A23B8391300A3F417 /* RLMResultsExtension.swift */ = {isa = PBXFileReference; fileEncoding = 4; lastKnownFileType = sourcecode.swift; path = RLMResultsExtension.swift; sourceTree = "<group>"; };
		EEF71A5B23B8391300A3F417 /* ErrorTracker.swift */ = {isa = PBXFileReference; fileEncoding = 4; lastKnownFileType = sourcecode.swift; path = ErrorTracker.swift; sourceTree = "<group>"; };
		EEF71A6523B8393000A3F417 /* ImageInteractor.swift */ = {isa = PBXFileReference; fileEncoding = 4; lastKnownFileType = sourcecode.swift; path = ImageInteractor.swift; sourceTree = "<group>"; };
		EEF71A6923B8526A00A3F417 /* MovieBriefModel.swift */ = {isa = PBXFileReference; lastKnownFileType = sourcecode.swift; path = MovieBriefModel.swift; sourceTree = "<group>"; };
		EEF71A6B23B852C100A3F417 /* MovieDetailModel.swift */ = {isa = PBXFileReference; lastKnownFileType = sourcecode.swift; path = MovieDetailModel.swift; sourceTree = "<group>"; };
		EEF71A6D23B854BE00A3F417 /* APIDiscoverPayloadModel.swift */ = {isa = PBXFileReference; lastKnownFileType = sourcecode.swift; path = APIDiscoverPayloadModel.swift; sourceTree = "<group>"; };
		EEF71A6F23B857F300A3F417 /* APIFailModel.swift */ = {isa = PBXFileReference; lastKnownFileType = sourcecode.swift; path = APIFailModel.swift; sourceTree = "<group>"; };
		EEF71A7723B877A700A3F417 /* CountryInfoModel.swift */ = {isa = PBXFileReference; lastKnownFileType = sourcecode.swift; path = CountryInfoModel.swift; sourceTree = "<group>"; };
		EEF71A7923B877C000A3F417 /* LanguageInfoModel.swift */ = {isa = PBXFileReference; lastKnownFileType = sourcecode.swift; path = LanguageInfoModel.swift; sourceTree = "<group>"; };
		EEF71A7B23B87F2300A3F417 /* MovieInteractor.swift */ = {isa = PBXFileReference; fileEncoding = 4; lastKnownFileType = sourcecode.swift; path = MovieInteractor.swift; sourceTree = "<group>"; };
/* End PBXFileReference section */

/* Begin PBXFrameworksBuildPhase section */
		EE38DACA23B4C15600E6FEEA /* Frameworks */ = {
			isa = PBXFrameworksBuildPhase;
			buildActionMask = 2147483647;
			files = (
				5313895D4F6A6E41C26BFA53 /* Pods_MovieListDemo.framework in Frameworks */,
			);
			runOnlyForDeploymentPostprocessing = 0;
		};
/* End PBXFrameworksBuildPhase section */

/* Begin PBXGroup section */
		065C424B5ECB5E4373D1D37A /* Frameworks */ = {
			isa = PBXGroup;
			children = (
				EACC9908D2B849F725798F6A /* Pods_MovieListDemo.framework */,
			);
			name = Frameworks;
			sourceTree = "<group>";
		};
		E9B5760A5EBB7FAC07E9B1C7 /* Pods */ = {
			isa = PBXGroup;
			children = (
				DAA351FC7D00B66548890BC4 /* Pods-MovieListDemo.debug.xcconfig */,
				59CD22BCE89BA9AFFB047890 /* Pods-MovieListDemo.release.xcconfig */,
			);
			path = Pods;
			sourceTree = "<group>";
		};
		EE15CB9C23B5E5BE0007AB60 /* Cell */ = {
			isa = PBXGroup;
			children = (
				EE2D9E4123B991B600A09A9E /* MovieListCellViewModel.swift */,
				EE2D9E3D23B9919F00A09A9E /* MovieListCell.swift */,
				EE2D9E3E23B9919F00A09A9E /* MovieListCell.xib */,
			);
			path = Cell;
			sourceTree = "<group>";
		};
		EE38DAC423B4C15600E6FEEA = {
			isa = PBXGroup;
			children = (
				EE38DACF23B4C15600E6FEEA /* MovieListDemo */,
				EE38DACE23B4C15600E6FEEA /* Products */,
				E9B5760A5EBB7FAC07E9B1C7 /* Pods */,
				065C424B5ECB5E4373D1D37A /* Frameworks */,
			);
			sourceTree = "<group>";
		};
		EE38DACE23B4C15600E6FEEA /* Products */ = {
			isa = PBXGroup;
			children = (
				EE38DACD23B4C15600E6FEEA /* MovieListDemo.app */,
			);
			name = Products;
			sourceTree = "<group>";
		};
		EE38DACF23B4C15600E6FEEA /* MovieListDemo */ = {
			isa = PBXGroup;
			children = (
				EE38DAE423B4C22B00E6FEEA /* Base */,
				EE62B80023BC534C00710DC8 /* Extenstion */,
				EEF71A6823B8395900A3F417 /* Model */,
				EE38DAE523B4C23100E6FEEA /* Interactor */,
				EE38DAD023B4C15600E6FEEA /* AppDelegate.swift */,
				EE591AF723B92BBC002F3410 /* RootCoordinator.swift */,
				EE38DAE623B4C37800E6FEEA /* MovieList */,
				EE38DAE723B4C38800E6FEEA /* MovieDetail */,
				EE38DAD623B4C15600E6FEEA /* Main.storyboard */,
				EE38DAD923B4C15C00E6FEEA /* Assets.xcassets */,
				EE38DADB23B4C15C00E6FEEA /* LaunchScreen.storyboard */,
				EE38DADE23B4C15C00E6FEEA /* Info.plist */,
			);
			path = MovieListDemo;
			sourceTree = "<group>";
		};
		EE38DAE423B4C22B00E6FEEA /* Base */ = {
			isa = PBXGroup;
			children = (
				EEF71A5623B8391300A3F417 /* Coordinator.swift */,
				EEF71A5723B8391300A3F417 /* APIClient.swift */,
				EEF71A5923B8391300A3F417 /* ActivityIndicator.swift */,
				EEF71A5B23B8391300A3F417 /* ErrorTracker.swift */,
				EE11EA5B23B9A18B008F3342 /* AppCenter.swift */,
				EE17D8B623BB2489009FEBD3 /* MyDataSource.swift */,
			);
			path = Base;
			sourceTree = "<group>";
		};
		EE38DAE523B4C23100E6FEEA /* Interactor */ = {
			isa = PBXGroup;
			children = (
				EEF71A7B23B87F2300A3F417 /* MovieInteractor.swift */,
				EEF71A6523B8393000A3F417 /* ImageInteractor.swift */,
			);
			path = Interactor;
			sourceTree = "<group>";
		};
		EE38DAE623B4C37800E6FEEA /* MovieList */ = {
			isa = PBXGroup;
			children = (
				EE15CB9C23B5E5BE0007AB60 /* Cell */,
				EE591AF323B92921002F3410 /* MovieListCoordinator.swift */,
				EE591AEF23B9266E002F3410 /* MovieListViewModel.swift */,
				EE38DAD423B4C15600E6FEEA /* MovieListController.swift */,
				EE5654B423BBCFE900D64908 /* NoDataView.swift */,
				EE5654B623BBCFF400D64908 /* NoDataView.xib */,
			);
			path = MovieList;
			sourceTree = "<group>";
		};
		EE38DAE723B4C38800E6FEEA /* MovieDetail */ = {
			isa = PBXGroup;
			children = (
				EE591AF523B92930002F3410 /* MovieDetailCoordinator.swift */,
				EE591AF123B9290F002F3410 /* MovieDetailViewModel.swift */,
				EE38DAE823B4C3DC00E6FEEA /* MovieDetailController.swift */,
			);
			path = MovieDetail;
			sourceTree = "<group>";
		};
		EE62B80023BC534C00710DC8 /* Extenstion */ = {
			isa = PBXGroup;
			children = (
				EEF71A5A23B8391300A3F417 /* RLMResultsExtension.swift */,
				EEF71A5823B8391300A3F417 /* UIViewController+Rx.swift */,
				EE62B7FE23BC492300710DC8 /* StringExt.swift */,
				EE62B80123BC53F700710DC8 /* UIImageViewExt.swift */,
			);
			path = Extenstion;
			sourceTree = "<group>";
		};
		EEF71A6823B8395900A3F417 /* Model */ = {
			isa = PBXGroup;
			children = (
				EEF71A6D23B854BE00A3F417 /* APIDiscoverPayloadModel.swift */,
				EEF71A6F23B857F300A3F417 /* APIFailModel.swift */,
				EEF71A6923B8526A00A3F417 /* MovieBriefModel.swift */,
				EEF71A6B23B852C100A3F417 /* MovieDetailModel.swift */,
				EEF71A7723B877A700A3F417 /* CountryInfoModel.swift */,
				EEF71A7923B877C000A3F417 /* LanguageInfoModel.swift */,
				EE11EA5D23B9C1BF008F3342 /* ImageConfiguration.swift */,
				EE17D89423BB0CA6009FEBD3 /* MovieListConfig.swift */,
				EE591AED23B8C40C002F3410 /* MovieDiscoverQuery.swift */,
				EE5654B223BB7FD500D64908 /* BookedMovie.swift */,
			);
			path = Model;
			sourceTree = "<group>";
		};
/* End PBXGroup section */

/* Begin PBXNativeTarget section */
		EE38DACC23B4C15600E6FEEA /* MovieListDemo */ = {
			isa = PBXNativeTarget;
			buildConfigurationList = EE38DAE123B4C15C00E6FEEA /* Build configuration list for PBXNativeTarget "MovieListDemo" */;
			buildPhases = (
				D3F59674729E1946C777AB83 /* [CP] Check Pods Manifest.lock */,
				EE38DAC923B4C15600E6FEEA /* Sources */,
				EE38DACA23B4C15600E6FEEA /* Frameworks */,
				EE38DACB23B4C15600E6FEEA /* Resources */,
				781E08B666F7CB8F930C8BA5 /* [CP] Embed Pods Frameworks */,
			);
			buildRules = (
			);
			dependencies = (
			);
			name = MovieListDemo;
			productName = MovieListDemo;
			productReference = EE38DACD23B4C15600E6FEEA /* MovieListDemo.app */;
			productType = "com.apple.product-type.application";
		};
/* End PBXNativeTarget section */

/* Begin PBXProject section */
		EE38DAC523B4C15600E6FEEA /* Project object */ = {
			isa = PBXProject;
			attributes = {
				LastSwiftUpdateCheck = 1130;
				LastUpgradeCheck = 1130;
				ORGANIZATIONNAME = GevinChen;
				TargetAttributes = {
					EE38DACC23B4C15600E6FEEA = {
						CreatedOnToolsVersion = 11.3;
					};
				};
			};
			buildConfigurationList = EE38DAC823B4C15600E6FEEA /* Build configuration list for PBXProject "MovieListDemo" */;
			compatibilityVersion = "Xcode 9.3";
			developmentRegion = en;
			hasScannedForEncodings = 0;
			knownRegions = (
				en,
				Base,
			);
			mainGroup = EE38DAC423B4C15600E6FEEA;
			productRefGroup = EE38DACE23B4C15600E6FEEA /* Products */;
			projectDirPath = "";
			projectRoot = "";
			targets = (
				EE38DACC23B4C15600E6FEEA /* MovieListDemo */,
			);
		};
/* End PBXProject section */

/* Begin PBXResourcesBuildPhase section */
		EE38DACB23B4C15600E6FEEA /* Resources */ = {
			isa = PBXResourcesBuildPhase;
			buildActionMask = 2147483647;
			files = (
				EE38DADD23B4C15C00E6FEEA /* LaunchScreen.storyboard in Resources */,
				EE5654B723BBCFF400D64908 /* NoDataView.xib in Resources */,
				EE38DADA23B4C15C00E6FEEA /* Assets.xcassets in Resources */,
				EE2D9E4023B9919F00A09A9E /* MovieListCell.xib in Resources */,
				EE38DAD823B4C15600E6FEEA /* Main.storyboard in Resources */,
			);
			runOnlyForDeploymentPostprocessing = 0;
		};
/* End PBXResourcesBuildPhase section */

/* Begin PBXShellScriptBuildPhase section */
		781E08B666F7CB8F930C8BA5 /* [CP] Embed Pods Frameworks */ = {
			isa = PBXShellScriptBuildPhase;
			buildActionMask = 2147483647;
			files = (
			);
			inputFileListPaths = (
			);
			inputPaths = (
				"${PODS_ROOT}/Target Support Files/Pods-MovieListDemo/Pods-MovieListDemo-frameworks.sh",
				"${BUILT_PRODUCTS_DIR}/Alamofire/Alamofire.framework",
				"${BUILT_PRODUCTS_DIR}/Differentiator/Differentiator.framework",
				"${BUILT_PRODUCTS_DIR}/Moya/Moya.framework",
				"${BUILT_PRODUCTS_DIR}/Realm/Realm.framework",
				"${BUILT_PRODUCTS_DIR}/RealmSwift/RealmSwift.framework",
				"${BUILT_PRODUCTS_DIR}/Result/Result.framework",
				"${BUILT_PRODUCTS_DIR}/RxCocoa/RxCocoa.framework",
				"${BUILT_PRODUCTS_DIR}/RxDataSources/RxDataSources.framework",
				"${BUILT_PRODUCTS_DIR}/RxSwift/RxSwift.framework",
				"${BUILT_PRODUCTS_DIR}/SDWebImage/SDWebImage.framework",
				"${BUILT_PRODUCTS_DIR}/SVProgressHUD/SVProgressHUD.framework",
			);
			name = "[CP] Embed Pods Frameworks";
			outputFileListPaths = (
			);
			outputPaths = (
				"${TARGET_BUILD_DIR}/${FRAMEWORKS_FOLDER_PATH}/Alamofire.framework",
				"${TARGET_BUILD_DIR}/${FRAMEWORKS_FOLDER_PATH}/Differentiator.framework",
				"${TARGET_BUILD_DIR}/${FRAMEWORKS_FOLDER_PATH}/Moya.framework",
				"${TARGET_BUILD_DIR}/${FRAMEWORKS_FOLDER_PATH}/Realm.framework",
				"${TARGET_BUILD_DIR}/${FRAMEWORKS_FOLDER_PATH}/RealmSwift.framework",
				"${TARGET_BUILD_DIR}/${FRAMEWORKS_FOLDER_PATH}/Result.framework",
				"${TARGET_BUILD_DIR}/${FRAMEWORKS_FOLDER_PATH}/RxCocoa.framework",
				"${TARGET_BUILD_DIR}/${FRAMEWORKS_FOLDER_PATH}/RxDataSources.framework",
				"${TARGET_BUILD_DIR}/${FRAMEWORKS_FOLDER_PATH}/RxSwift.framework",
				"${TARGET_BUILD_DIR}/${FRAMEWORKS_FOLDER_PATH}/SDWebImage.framework",
				"${TARGET_BUILD_DIR}/${FRAMEWORKS_FOLDER_PATH}/SVProgressHUD.framework",
			);
			runOnlyForDeploymentPostprocessing = 0;
			shellPath = /bin/sh;
			shellScript = "\"${PODS_ROOT}/Target Support Files/Pods-MovieListDemo/Pods-MovieListDemo-frameworks.sh\"\n";
			showEnvVarsInLog = 0;
		};
		D3F59674729E1946C777AB83 /* [CP] Check Pods Manifest.lock */ = {
			isa = PBXShellScriptBuildPhase;
			buildActionMask = 2147483647;
			files = (
			);
			inputFileListPaths = (
			);
			inputPaths = (
				"${PODS_PODFILE_DIR_PATH}/Podfile.lock",
				"${PODS_ROOT}/Manifest.lock",
			);
			name = "[CP] Check Pods Manifest.lock";
			outputFileListPaths = (
			);
			outputPaths = (
				"$(DERIVED_FILE_DIR)/Pods-MovieListDemo-checkManifestLockResult.txt",
			);
			runOnlyForDeploymentPostprocessing = 0;
			shellPath = /bin/sh;
			shellScript = "diff \"${PODS_PODFILE_DIR_PATH}/Podfile.lock\" \"${PODS_ROOT}/Manifest.lock\" > /dev/null\nif [ $? != 0 ] ; then\n    # print error to STDERR\n    echo \"error: The sandbox is not in sync with the Podfile.lock. Run 'pod install' or update your CocoaPods installation.\" >&2\n    exit 1\nfi\n# This output is used by Xcode 'outputs' to avoid re-running this script phase.\necho \"SUCCESS\" > \"${SCRIPT_OUTPUT_FILE_0}\"\n";
			showEnvVarsInLog = 0;
		};
/* End PBXShellScriptBuildPhase section */

/* Begin PBXSourcesBuildPhase section */
		EE38DAC923B4C15600E6FEEA /* Sources */ = {
			isa = PBXSourcesBuildPhase;
			buildActionMask = 2147483647;
			files = (
				EEF71A6A23B8526A00A3F417 /* MovieBriefModel.swift in Sources */,
				EE38DAE923B4C3DC00E6FEEA /* MovieDetailController.swift in Sources */,
				EEF71A7023B857F300A3F417 /* APIFailModel.swift in Sources */,
				EE38DAD523B4C15600E6FEEA /* MovieListController.swift in Sources */,
				EEF71A5D23B8391300A3F417 /* Coordinator.swift in Sources */,
				EEF71A7C23B87F2300A3F417 /* MovieInteractor.swift in Sources */,
				EEF71A6C23B852C100A3F417 /* MovieDetailModel.swift in Sources */,
				EEF71A6E23B854BE00A3F417 /* APIDiscoverPayloadModel.swift in Sources */,
				EE17D89523BB0CA6009FEBD3 /* MovieListConfig.swift in Sources */,
				EEF71A6723B8393000A3F417 /* ImageInteractor.swift in Sources */,
				EEF71A7A23B877C000A3F417 /* LanguageInfoModel.swift in Sources */,
				EE591AF023B9266E002F3410 /* MovieListViewModel.swift in Sources */,
				EEF71A6123B8391300A3F417 /* RLMResultsExtension.swift in Sources */,
				EEF71A6023B8391300A3F417 /* ActivityIndicator.swift in Sources */,
				EE38DAD123B4C15600E6FEEA /* AppDelegate.swift in Sources */,
				EE5654B323BB7FD500D64908 /* BookedMovie.swift in Sources */,
				EE591AF423B92921002F3410 /* MovieListCoordinator.swift in Sources */,
				EEF71A5E23B8391300A3F417 /* APIClient.swift in Sources */,
				EEF71A5F23B8391300A3F417 /* UIViewController+Rx.swift in Sources */,
				EE591AF823B92BBC002F3410 /* RootCoordinator.swift in Sources */,
				EE62B7FF23BC492300710DC8 /* StringExt.swift in Sources */,
				EE11EA5E23B9C1BF008F3342 /* ImageConfiguration.swift in Sources */,
				EEF71A7823B877A700A3F417 /* CountryInfoModel.swift in Sources */,
				EE591AF223B9290F002F3410 /* MovieDetailViewModel.swift in Sources */,
				EE17D8B723BB2489009FEBD3 /* MyDataSource.swift in Sources */,
				EE2D9E4223B991B600A09A9E /* MovieListCellViewModel.swift in Sources */,
				EE11EA5C23B9A18B008F3342 /* AppCenter.swift in Sources */,
				EE591AF623B92930002F3410 /* MovieDetailCoordinator.swift in Sources */,
				EE591AEE23B8C40C002F3410 /* MovieDiscoverQuery.swift in Sources */,
				EE5654B523BBCFE900D64908 /* NoDataView.swift in Sources */,
				EE2D9E3F23B9919F00A09A9E /* MovieListCell.swift in Sources */,
				EE62B80223BC53F700710DC8 /* UIImageViewExt.swift in Sources */,
				EEF71A6223B8391300A3F417 /* ErrorTracker.swift in Sources */,
			);
			runOnlyForDeploymentPostprocessing = 0;
		};
/* End PBXSourcesBuildPhase section */

/* Begin PBXVariantGroup section */
		EE38DAD623B4C15600E6FEEA /* Main.storyboard */ = {
			isa = PBXVariantGroup;
			children = (
				EE38DAD723B4C15600E6FEEA /* Base */,
			);
			name = Main.storyboard;
			sourceTree = "<group>";
		};
		EE38DADB23B4C15C00E6FEEA /* LaunchScreen.storyboard */ = {
			isa = PBXVariantGroup;
			children = (
				EE38DADC23B4C15C00E6FEEA /* Base */,
			);
			name = LaunchScreen.storyboard;
			sourceTree = "<group>";
		};
/* End PBXVariantGroup section */

/* Begin XCBuildConfiguration section */
		EE38DADF23B4C15C00E6FEEA /* Debug */ = {
			isa = XCBuildConfiguration;
			buildSettings = {
				ALWAYS_SEARCH_USER_PATHS = NO;
				CLANG_ANALYZER_NONNULL = YES;
				CLANG_ANALYZER_NUMBER_OBJECT_CONVERSION = YES_AGGRESSIVE;
				CLANG_CXX_LANGUAGE_STANDARD = "gnu++14";
				CLANG_CXX_LIBRARY = "libc++";
				CLANG_ENABLE_MODULES = YES;
				CLANG_ENABLE_OBJC_ARC = YES;
				CLANG_ENABLE_OBJC_WEAK = YES;
				CLANG_WARN_BLOCK_CAPTURE_AUTORELEASING = YES;
				CLANG_WARN_BOOL_CONVERSION = YES;
				CLANG_WARN_COMMA = YES;
				CLANG_WARN_CONSTANT_CONVERSION = YES;
				CLANG_WARN_DEPRECATED_OBJC_IMPLEMENTATIONS = YES;
				CLANG_WARN_DIRECT_OBJC_ISA_USAGE = YES_ERROR;
				CLANG_WARN_DOCUMENTATION_COMMENTS = YES;
				CLANG_WARN_EMPTY_BODY = YES;
				CLANG_WARN_ENUM_CONVERSION = YES;
				CLANG_WARN_INFINITE_RECURSION = YES;
				CLANG_WARN_INT_CONVERSION = YES;
				CLANG_WARN_NON_LITERAL_NULL_CONVERSION = YES;
				CLANG_WARN_OBJC_IMPLICIT_RETAIN_SELF = YES;
				CLANG_WARN_OBJC_LITERAL_CONVERSION = YES;
				CLANG_WARN_OBJC_ROOT_CLASS = YES_ERROR;
				CLANG_WARN_RANGE_LOOP_ANALYSIS = YES;
				CLANG_WARN_STRICT_PROTOTYPES = YES;
				CLANG_WARN_SUSPICIOUS_MOVE = YES;
				CLANG_WARN_UNGUARDED_AVAILABILITY = YES_AGGRESSIVE;
				CLANG_WARN_UNREACHABLE_CODE = YES;
				CLANG_WARN__DUPLICATE_METHOD_MATCH = YES;
				COPY_PHASE_STRIP = NO;
				DEBUG_INFORMATION_FORMAT = dwarf;
				ENABLE_STRICT_OBJC_MSGSEND = YES;
				ENABLE_TESTABILITY = YES;
				GCC_C_LANGUAGE_STANDARD = gnu11;
				GCC_DYNAMIC_NO_PIC = NO;
				GCC_NO_COMMON_BLOCKS = YES;
				GCC_OPTIMIZATION_LEVEL = 0;
				GCC_PREPROCESSOR_DEFINITIONS = (
					"DEBUG=1",
					"$(inherited)",
				);
				GCC_WARN_64_TO_32_BIT_CONVERSION = YES;
				GCC_WARN_ABOUT_RETURN_TYPE = YES_ERROR;
				GCC_WARN_UNDECLARED_SELECTOR = YES;
				GCC_WARN_UNINITIALIZED_AUTOS = YES_AGGRESSIVE;
				GCC_WARN_UNUSED_FUNCTION = YES;
				GCC_WARN_UNUSED_VARIABLE = YES;
				IPHONEOS_DEPLOYMENT_TARGET = 13.2;
				MTL_ENABLE_DEBUG_INFO = INCLUDE_SOURCE;
				MTL_FAST_MATH = YES;
				ONLY_ACTIVE_ARCH = YES;
				SDKROOT = iphoneos;
				SWIFT_ACTIVE_COMPILATION_CONDITIONS = DEBUG;
				SWIFT_OPTIMIZATION_LEVEL = "-Onone";
			};
			name = Debug;
		};
		EE38DAE023B4C15C00E6FEEA /* Release */ = {
			isa = XCBuildConfiguration;
			buildSettings = {
				ALWAYS_SEARCH_USER_PATHS = NO;
				CLANG_ANALYZER_NONNULL = YES;
				CLANG_ANALYZER_NUMBER_OBJECT_CONVERSION = YES_AGGRESSIVE;
				CLANG_CXX_LANGUAGE_STANDARD = "gnu++14";
				CLANG_CXX_LIBRARY = "libc++";
				CLANG_ENABLE_MODULES = YES;
				CLANG_ENABLE_OBJC_ARC = YES;
				CLANG_ENABLE_OBJC_WEAK = YES;
				CLANG_WARN_BLOCK_CAPTURE_AUTORELEASING = YES;
				CLANG_WARN_BOOL_CONVERSION = YES;
				CLANG_WARN_COMMA = YES;
				CLANG_WARN_CONSTANT_CONVERSION = YES;
				CLANG_WARN_DEPRECATED_OBJC_IMPLEMENTATIONS = YES;
				CLANG_WARN_DIRECT_OBJC_ISA_USAGE = YES_ERROR;
				CLANG_WARN_DOCUMENTATION_COMMENTS = YES;
				CLANG_WARN_EMPTY_BODY = YES;
				CLANG_WARN_ENUM_CONVERSION = YES;
				CLANG_WARN_INFINITE_RECURSION = YES;
				CLANG_WARN_INT_CONVERSION = YES;
				CLANG_WARN_NON_LITERAL_NULL_CONVERSION = YES;
				CLANG_WARN_OBJC_IMPLICIT_RETAIN_SELF = YES;
				CLANG_WARN_OBJC_LITERAL_CONVERSION = YES;
				CLANG_WARN_OBJC_ROOT_CLASS = YES_ERROR;
				CLANG_WARN_RANGE_LOOP_ANALYSIS = YES;
				CLANG_WARN_STRICT_PROTOTYPES = YES;
				CLANG_WARN_SUSPICIOUS_MOVE = YES;
				CLANG_WARN_UNGUARDED_AVAILABILITY = YES_AGGRESSIVE;
				CLANG_WARN_UNREACHABLE_CODE = YES;
				CLANG_WARN__DUPLICATE_METHOD_MATCH = YES;
				COPY_PHASE_STRIP = NO;
				DEBUG_INFORMATION_FORMAT = "dwarf-with-dsym";
				ENABLE_NS_ASSERTIONS = NO;
				ENABLE_STRICT_OBJC_MSGSEND = YES;
				GCC_C_LANGUAGE_STANDARD = gnu11;
				GCC_NO_COMMON_BLOCKS = YES;
				GCC_WARN_64_TO_32_BIT_CONVERSION = YES;
				GCC_WARN_ABOUT_RETURN_TYPE = YES_ERROR;
				GCC_WARN_UNDECLARED_SELECTOR = YES;
				GCC_WARN_UNINITIALIZED_AUTOS = YES_AGGRESSIVE;
				GCC_WARN_UNUSED_FUNCTION = YES;
				GCC_WARN_UNUSED_VARIABLE = YES;
				IPHONEOS_DEPLOYMENT_TARGET = 13.2;
				MTL_ENABLE_DEBUG_INFO = NO;
				MTL_FAST_MATH = YES;
				SDKROOT = iphoneos;
				SWIFT_COMPILATION_MODE = wholemodule;
				SWIFT_OPTIMIZATION_LEVEL = "-O";
				VALIDATE_PRODUCT = YES;
			};
			name = Release;
		};
		EE38DAE223B4C15C00E6FEEA /* Debug */ = {
			isa = XCBuildConfiguration;
			baseConfigurationReference = DAA351FC7D00B66548890BC4 /* Pods-MovieListDemo.debug.xcconfig */;
			buildSettings = {
				ASSETCATALOG_COMPILER_APPICON_NAME = AppIcon;
				CODE_SIGN_STYLE = Automatic;
				DEVELOPMENT_TEAM = 88X9DS6ETV;
				INFOPLIST_FILE = MovieListDemo/Info.plist;
				IPHONEOS_DEPLOYMENT_TARGET = 10.0;
				LD_RUNPATH_SEARCH_PATHS = (
					"$(inherited)",
					"@executable_path/Frameworks",
				);
				PRODUCT_BUNDLE_IDENTIFIER = com.gevinchen.MovieListDemo;
				PRODUCT_NAME = "$(TARGET_NAME)";
				SWIFT_VERSION = 4.2;
				TARGETED_DEVICE_FAMILY = "1,2";
			};
			name = Debug;
		};
		EE38DAE323B4C15C00E6FEEA /* Release */ = {
			isa = XCBuildConfiguration;
			baseConfigurationReference = 59CD22BCE89BA9AFFB047890 /* Pods-MovieListDemo.release.xcconfig */;
			buildSettings = {
				ASSETCATALOG_COMPILER_APPICON_NAME = AppIcon;
				CODE_SIGN_STYLE = Automatic;
				DEVELOPMENT_TEAM = 88X9DS6ETV;
				INFOPLIST_FILE = MovieListDemo/Info.plist;
				IPHONEOS_DEPLOYMENT_TARGET = 10.0;
				LD_RUNPATH_SEARCH_PATHS = (
					"$(inherited)",
					"@executable_path/Frameworks",
				);
				PRODUCT_BUNDLE_IDENTIFIER = com.gevinchen.MovieListDemo;
				PRODUCT_NAME = "$(TARGET_NAME)";
				SWIFT_VERSION = 4.2;
				TARGETED_DEVICE_FAMILY = "1,2";
			};
			name = Release;
		};
/* End XCBuildConfiguration section */

/* Begin XCConfigurationList section */
		EE38DAC823B4C15600E6FEEA /* Build configuration list for PBXProject "MovieListDemo" */ = {
			isa = XCConfigurationList;
			buildConfigurations = (
				EE38DADF23B4C15C00E6FEEA /* Debug */,
				EE38DAE023B4C15C00E6FEEA /* Release */,
			);
			defaultConfigurationIsVisible = 0;
			defaultConfigurationName = Release;
		};
		EE38DAE123B4C15C00E6FEEA /* Build configuration list for PBXNativeTarget "MovieListDemo" */ = {
			isa = XCConfigurationList;
			buildConfigurations = (
				EE38DAE223B4C15C00E6FEEA /* Debug */,
				EE38DAE323B4C15C00E6FEEA /* Release */,
			);
			defaultConfigurationIsVisible = 0;
			defaultConfigurationName = Release;
		};
/* End XCConfigurationList section */
	};
	rootObject = EE38DAC523B4C15600E6FEEA /* Project object */;
}
