// !$*UTF8*$!
{
	archiveVersion = 1;
	classes = {
	};
	objectVersion = 50;
	objects = {

/* Begin PBXBuildFile section */
		5313895D4F6A6E41C26BFA53 /* Pods_MovieListDemo.framework in Frameworks */ = {isa = PBXBuildFile; fileRef = EACC9908D2B849F725798F6A /* Pods_MovieListDemo.framework */; };
		EE38DAD123B4C15600E6FEEA /* AppDelegate.swift in Sources */ = {isa = PBXBuildFile; fileRef = EE38DAD023B4C15600E6FEEA /* AppDelegate.swift */; };
		EE38DAD323B4C15600E6FEEA /* SceneDelegate.swift in Sources */ = {isa = PBXBuildFile; fileRef = EE38DAD223B4C15600E6FEEA /* SceneDelegate.swift */; };
		EE38DAD523B4C15600E6FEEA /* ViewController.swift in Sources */ = {isa = PBXBuildFile; fileRef = EE38DAD423B4C15600E6FEEA /* ViewController.swift */; };
		EE38DAD823B4C15600E6FEEA /* Main.storyboard in Resources */ = {isa = PBXBuildFile; fileRef = EE38DAD623B4C15600E6FEEA /* Main.storyboard */; };
		EE38DADA23B4C15C00E6FEEA /* Assets.xcassets in Resources */ = {isa = PBXBuildFile; fileRef = EE38DAD923B4C15C00E6FEEA /* Assets.xcassets */; };
		EE38DADD23B4C15C00E6FEEA /* LaunchScreen.storyboard in Resources */ = {isa = PBXBuildFile; fileRef = EE38DADB23B4C15C00E6FEEA /* LaunchScreen.storyboard */; };
/* End PBXBuildFile section */

/* Begin PBXFileReference section */
		59CD22BCE89BA9AFFB047890 /* Pods-MovieListDemo.release.xcconfig */ = {isa = PBXFileReference; includeInIndex = 1; lastKnownFileType = text.xcconfig; name = "Pods-MovieListDemo.release.xcconfig"; path = "Target Support Files/Pods-MovieListDemo/Pods-MovieListDemo.release.xcconfig"; sourceTree = "<group>"; };
		DAA351FC7D00B66548890BC4 /* Pods-MovieListDemo.debug.xcconfig */ = {isa = PBXFileReference; includeInIndex = 1; lastKnownFileType = text.xcconfig; name = "Pods-MovieListDemo.debug.xcconfig"; path = "Target Support Files/Pods-MovieListDemo/Pods-MovieListDemo.debug.xcconfig"; sourceTree = "<group>"; };
		EACC9908D2B849F725798F6A /* Pods_MovieListDemo.framework */ = {isa = PBXFileReference; explicitFileType = wrapper.framework; includeInIndex = 0; path = Pods_MovieListDemo.framework; sourceTree = BUILT_PRODUCTS_DIR; };
		EE38DACD23B4C15600E6FEEA /* MovieListDemo.app */ = {isa = PBXFileReference; explicitFileType = wrapper.application; includeInIndex = 0; path = MovieListDemo.app; sourceTree = BUILT_PRODUCTS_DIR; };
		EE38DAD023B4C15600E6FEEA /* AppDelegate.swift */ = {isa = PBXFileReference; lastKnownFileType = sourcecode.swift; path = AppDelegate.swift; sourceTree = "<group>"; };
		EE38DAD223B4C15600E6FEEA /* SceneDelegate.swift */ = {isa = PBXFileReference; lastKnownFileType = sourcecode.swift; path = SceneDelegate.swift; sourceTree = "<group>"; };
		EE38DAD423B4C15600E6FEEA /* ViewController.swift */ = {isa = PBXFileReference; lastKnownFileType = sourcecode.swift; path = ViewController.swift; sourceTree = "<group>"; };
		EE38DAD723B4C15600E6FEEA /* Base */ = {isa = PBXFileReference; lastKnownFileType = file.storyboard; name = Base; path = Base.lproj/Main.storyboard; sourceTree = "<group>"; };
		EE38DAD923B4C15C00E6FEEA /* Assets.xcassets */ = {isa = PBXFileReference; lastKnownFileType = folder.assetcatalog; path = Assets.xcassets; sourceTree = "<group>"; };
		EE38DADC23B4C15C00E6FEEA /* Base */ = {isa = PBXFileReference; lastKnownFileType = file.storyboard; name = Base; path = Base.lproj/LaunchScreen.storyboard; sourceTree = "<group>"; };
		EE38DADE23B4C15C00E6FEEA /* Info.plist */ = {isa = PBXFileReference; lastKnownFileType = text.plist.xml; path = Info.plist; sourceTree = "<group>"; };
/* End PBXFileReference section */

/* Begin PBXFrameworksBuildPhase section */
		EE38DACA23B4C15600E6FEEA /* Frameworks */ = {
			isa = PBXFrameworksBuildPhase;
			buildActionMask = 2147483647;
			files = (
				5313895D4F6A6E41C26BFA53 /* Pods_MovieListDemo.framework in Frameworks */,
			);
			runOnlyForDeploymentPostprocessing = 0;
		};
/* End PBXFrameworksBuildPhase section */

/* Begin PBXGroup section */
		065C424B5ECB5E4373D1D37A /* Frameworks */ = {
			isa = PBXGroup;
			children = (
				EACC9908D2B849F725798F6A /* Pods_MovieListDemo.framework */,
			);
			name = Frameworks;
			sourceTree = "<group>";
		};
		E9B5760A5EBB7FAC07E9B1C7 /* Pods */ = {
			isa = PBXGroup;
			children = (
				DAA351FC7D00B66548890BC4 /* Pods-MovieListDemo.debug.xcconfig */,
				59CD22BCE89BA9AFFB047890 /* Pods-MovieListDemo.release.xcconfig */,
			);
			name = Pods;
			path = Pods;
			sourceTree = "<group>";
		};
		EE38DAC423B4C15600E6FEEA = {
			isa = PBXGroup;
			children = (
				EE38DACF23B4C15600E6FEEA /* MovieListDemo */,
				EE38DACE23B4C15600E6FEEA /* Products */,
				E9B5760A5EBB7FAC07E9B1C7 /* Pods */,
				065C424B5ECB5E4373D1D37A /* Frameworks */,
			);
			sourceTree = "<group>";
		};
		EE38DACE23B4C15600E6FEEA /* Products */ = {
			isa = PBXGroup;
			children = (
				EE38DACD23B4C15600E6FEEA /* MovieListDemo.app */,
			);
			name = Products;
			sourceTree = "<group>";
		};
		EE38DACF23B4C15600E6FEEA /* MovieListDemo */ = {
			isa = PBXGroup;
			children = (
				EE38DAD023B4C15600E6FEEA /* AppDelegate.swift */,
				EE38DAD223B4C15600E6FEEA /* SceneDelegate.swift */,
				EE38DAD423B4C15600E6FEEA /* ViewController.swift */,
				EE38DAD623B4C15600E6FEEA /* Main.storyboard */,
				EE38DAD923B4C15C00E6FEEA /* Assets.xcassets */,
				EE38DADB23B4C15C00E6FEEA /* LaunchScreen.storyboard */,
				EE38DADE23B4C15C00E6FEEA /* Info.plist */,
			);
			path = MovieListDemo;
			sourceTree = "<group>";
		};
/* End PBXGroup section */

/* Begin PBXNativeTarget section */
		EE38DACC23B4C15600E6FEEA /* MovieListDemo */ = {
			isa = PBXNativeTarget;
			buildConfigurationList = EE38DAE123B4C15C00E6FEEA /* Build configuration list for PBXNativeTarget "MovieListDemo" */;
			buildPhases = (
				D3F59674729E1946C777AB83 /* [CP] Check Pods Manifest.lock */,
				EE38DAC923B4C15600E6FEEA /* Sources */,
				EE38DACA23B4C15600E6FEEA /* Frameworks */,
				EE38DACB23B4C15600E6FEEA /* Resources */,
				781E08B666F7CB8F930C8BA5 /* [CP] Embed Pods Frameworks */,
			);
			buildRules = (
			);
			dependencies = (
			);
			name = MovieListDemo;
			productName = MovieListDemo;
			productReference = EE38DACD23B4C15600E6FEEA /* MovieListDemo.app */;
			productType = "com.apple.product-type.application";
		};
/* End PBXNativeTarget section */

/* Begin PBXProject section */
		EE38DAC523B4C15600E6FEEA /* Project object */ = {
			isa = PBXProject;
			attributes = {
				LastSwiftUpdateCheck = 1130;
				LastUpgradeCheck = 1130;
				ORGANIZATIONNAME = GevinChen;
				TargetAttributes = {
					EE38DACC23B4C15600E6FEEA = {
						CreatedOnToolsVersion = 11.3;
					};
				};
			};
			buildConfigurationList = EE38DAC823B4C15600E6FEEA /* Build configuration list for PBXProject "MovieListDemo" */;
			compatibilityVersion = "Xcode 9.3";
			developmentRegion = en;
			hasScannedForEncodings = 0;
			knownRegions = (
				en,
				Base,
			);
			mainGroup = EE38DAC423B4C15600E6FEEA;
			productRefGroup = EE38DACE23B4C15600E6FEEA /* Products */;
			projectDirPath = "";
			projectRoot = "";
			targets = (
				EE38DACC23B4C15600E6FEEA /* MovieListDemo */,
			);
		};
/* End PBXProject section */

/* Begin PBXResourcesBuildPhase section */
		EE38DACB23B4C15600E6FEEA /* Resources */ = {
			isa = PBXResourcesBuildPhase;
			buildActionMask = 2147483647;
			files = (
				EE38DADD23B4C15C00E6FEEA /* LaunchScreen.storyboard in Resources */,
				EE38DADA23B4C15C00E6FEEA /* Assets.xcassets in Resources */,
				EE38DAD823B4C15600E6FEEA /* Main.storyboard in Resources */,
			);
			runOnlyForDeploymentPostprocessing = 0;
		};
/* End PBXResourcesBuildPhase section */

/* Begin PBXShellScriptBuildPhase section */
		781E08B666F7CB8F930C8BA5 /* [CP] Embed Pods Frameworks */ = {
			isa = PBXShellScriptBuildPhase;
			buildActionMask = 2147483647;
			files = (
			);
			inputFileListPaths = (
			);
			inputPaths = (
				"${PODS_ROOT}/Target Support Files/Pods-MovieListDemo/Pods-MovieListDemo-frameworks.sh",
				"${BUILT_PRODUCTS_DIR}/Alamofire/Alamofire.framework",
				"${BUILT_PRODUCTS_DIR}/Differentiator/Differentiator.framework",
				"${BUILT_PRODUCTS_DIR}/Moya/Moya.framework",
				"${BUILT_PRODUCTS_DIR}/Realm/Realm.framework",
				"${BUILT_PRODUCTS_DIR}/RealmSwift/RealmSwift.framework",
				"${BUILT_PRODUCTS_DIR}/Result/Result.framework",
				"${BUILT_PRODUCTS_DIR}/RxCocoa/RxCocoa.framework",
				"${BUILT_PRODUCTS_DIR}/RxDataSources/RxDataSources.framework",
				"${BUILT_PRODUCTS_DIR}/RxSwift/RxSwift.framework",
				"${BUILT_PRODUCTS_DIR}/SDWebImage/SDWebImage.framework",
				"${BUILT_PRODUCTS_DIR}/SVProgressHUD/SVProgressHUD.framework",
			);
			name = "[CP] Embed Pods Frameworks";
			outputFileListPaths = (
			);
			outputPaths = (
				"${TARGET_BUILD_DIR}/${FRAMEWORKS_FOLDER_PATH}/Alamofire.framework",
				"${TARGET_BUILD_DIR}/${FRAMEWORKS_FOLDER_PATH}/Differentiator.framework",
				"${TARGET_BUILD_DIR}/${FRAMEWORKS_FOLDER_PATH}/Moya.framework",
				"${TARGET_BUILD_DIR}/${FRAMEWORKS_FOLDER_PATH}/Realm.framework",
				"${TARGET_BUILD_DIR}/${FRAMEWORKS_FOLDER_PATH}/RealmSwift.framework",
				"${TARGET_BUILD_DIR}/${FRAMEWORKS_FOLDER_PATH}/Result.framework",
				"${TARGET_BUILD_DIR}/${FRAMEWORKS_FOLDER_PATH}/RxCocoa.framework",
				"${TARGET_BUILD_DIR}/${FRAMEWORKS_FOLDER_PATH}/RxDataSources.framework",
				"${TARGET_BUILD_DIR}/${FRAMEWORKS_FOLDER_PATH}/RxSwift.framework",
				"${TARGET_BUILD_DIR}/${FRAMEWORKS_FOLDER_PATH}/SDWebImage.framework",
				"${TARGET_BUILD_DIR}/${FRAMEWORKS_FOLDER_PATH}/SVProgressHUD.framework",
			);
			runOnlyForDeploymentPostprocessing = 0;
			shellPath = /bin/sh;
			shellScript = "\"${PODS_ROOT}/Target Support Files/Pods-MovieListDemo/Pods-MovieListDemo-frameworks.sh\"\n";
			showEnvVarsInLog = 0;
		};
		D3F59674729E1946C777AB83 /* [CP] Check Pods Manifest.lock */ = {
			isa = PBXShellScriptBuildPhase;
			buildActionMask = 2147483647;
			files = (
			);
			inputFileListPaths = (
			);
			inputPaths = (
				"${PODS_PODFILE_DIR_PATH}/Podfile.lock",
				"${PODS_ROOT}/Manifest.lock",
			);
			name = "[CP] Check Pods Manifest.lock";
			outputFileListPaths = (
			);
			outputPaths = (
				"$(DERIVED_FILE_DIR)/Pods-MovieListDemo-checkManifestLockResult.txt",
			);
			runOnlyForDeploymentPostprocessing = 0;
			shellPath = /bin/sh;
			shellScript = "diff \"${PODS_PODFILE_DIR_PATH}/Podfile.lock\" \"${PODS_ROOT}/Manifest.lock\" > /dev/null\nif [ $? != 0 ] ; then\n    # print error to STDERR\n    echo \"error: The sandbox is not in sync with the Podfile.lock. Run 'pod install' or update your CocoaPods installation.\" >&2\n    exit 1\nfi\n# This output is used by Xcode 'outputs' to avoid re-running this script phase.\necho \"SUCCESS\" > \"${SCRIPT_OUTPUT_FILE_0}\"\n";
			showEnvVarsInLog = 0;
		};
/* End PBXShellScriptBuildPhase section */

/* Begin PBXSourcesBuildPhase section */
		EE38DAC923B4C15600E6FEEA /* Sources */ = {
			isa = PBXSourcesBuildPhase;
			buildActionMask = 2147483647;
			files = (
				EE38DAD523B4C15600E6FEEA /* ViewController.swift in Sources */,
				EE38DAD123B4C15600E6FEEA /* AppDelegate.swift in Sources */,
				EE38DAD323B4C15600E6FEEA /* SceneDelegate.swift in Sources */,
			);
			runOnlyForDeploymentPostprocessing = 0;
		};
/* End PBXSourcesBuildPhase section */

/* Begin PBXVariantGroup section */
		EE38DAD623B4C15600E6FEEA /* Main.storyboard */ = {
			isa = PBXVariantGroup;
			children = (
				EE38DAD723B4C15600E6FEEA /* Base */,
			);
			name = Main.storyboard;
			sourceTree = "<group>";
		};
		EE38DADB23B4C15C00E6FEEA /* LaunchScreen.storyboard */ = {
			isa = PBXVariantGroup;
			children = (
				EE38DADC23B4C15C00E6FEEA /* Base */,
			);
			name = LaunchScreen.storyboard;
			sourceTree = "<group>";
		};
/* End PBXVariantGroup section */

/* Begin XCBuildConfiguration section */
		EE38DADF23B4C15C00E6FEEA /* Debug */ = {
			isa = XCBuildConfiguration;
			buildSettings = {
				ALWAYS_SEARCH_USER_PATHS = NO;
				CLANG_ANALYZER_NONNULL = YES;
				CLANG_ANALYZER_NUMBER_OBJECT_CONVERSION = YES_AGGRESSIVE;
				CLANG_CXX_LANGUAGE_STANDARD = "gnu++14";
				CLANG_CXX_LIBRARY = "libc++";
				CLANG_ENABLE_MODULES = YES;
				CLANG_ENABLE_OBJC_ARC = YES;
				CLANG_ENABLE_OBJC_WEAK = YES;
				CLANG_WARN_BLOCK_CAPTURE_AUTORELEASING = YES;
				CLANG_WARN_BOOL_CONVERSION = YES;
				CLANG_WARN_COMMA = YES;
				CLANG_WARN_CONSTANT_CONVERSION = YES;
				CLANG_WARN_DEPRECATED_OBJC_IMPLEMENTATIONS = YES;
				CLANG_WARN_DIRECT_OBJC_ISA_USAGE = YES_ERROR;
				CLANG_WARN_DOCUMENTATION_COMMENTS = YES;
				CLANG_WARN_EMPTY_BODY = YES;
				CLANG_WARN_ENUM_CONVERSION = YES;
				CLANG_WARN_INFINITE_RECURSION = YES;
				CLANG_WARN_INT_CONVERSION = YES;
				CLANG_WARN_NON_LITERAL_NULL_CONVERSION = YES;
				CLANG_WARN_OBJC_IMPLICIT_RETAIN_SELF = YES;
				CLANG_WARN_OBJC_LITERAL_CONVERSION = YES;
				CLANG_WARN_OBJC_ROOT_CLASS = YES_ERROR;
				CLANG_WARN_RANGE_LOOP_ANALYSIS = YES;
				CLANG_WARN_STRICT_PROTOTYPES = YES;
				CLANG_WARN_SUSPICIOUS_MOVE = YES;
				CLANG_WARN_UNGUARDED_AVAILABILITY = YES_AGGRESSIVE;
				CLANG_WARN_UNREACHABLE_CODE = YES;
				CLANG_WARN__DUPLICATE_METHOD_MATCH = YES;
				COPY_PHASE_STRIP = NO;
				DEBUG_INFORMATION_FORMAT = dwarf;
				ENABLE_STRICT_OBJC_MSGSEND = YES;
				ENABLE_TESTABILITY = YES;
				GCC_C_LANGUAGE_STANDARD = gnu11;
				GCC_DYNAMIC_NO_PIC = NO;
				GCC_NO_COMMON_BLOCKS = YES;
				GCC_OPTIMIZATION_LEVEL = 0;
				GCC_PREPROCESSOR_DEFINITIONS = (
					"DEBUG=1",
					"$(inherited)",
				);
				GCC_WARN_64_TO_32_BIT_CONVERSION = YES;
				GCC_WARN_ABOUT_RETURN_TYPE = YES_ERROR;
				GCC_WARN_UNDECLARED_SELECTOR = YES;
				GCC_WARN_UNINITIALIZED_AUTOS = YES_AGGRESSIVE;
				GCC_WARN_UNUSED_FUNCTION = YES;
				GCC_WARN_UNUSED_VARIABLE = YES;
				IPHONEOS_DEPLOYMENT_TARGET = 13.2;
				MTL_ENABLE_DEBUG_INFO = INCLUDE_SOURCE;
				MTL_FAST_MATH = YES;
				ONLY_ACTIVE_ARCH = YES;
				SDKROOT = iphoneos;
				SWIFT_ACTIVE_COMPILATION_CONDITIONS = DEBUG;
				SWIFT_OPTIMIZATION_LEVEL = "-Onone";
			};
			name = Debug;
		};
		EE38DAE023B4C15C00E6FEEA /* Release */ = {
			isa = XCBuildConfiguration;
			buildSettings = {
				ALWAYS_SEARCH_USER_PATHS = NO;
				CLANG_ANALYZER_NONNULL = YES;
				CLANG_ANALYZER_NUMBER_OBJECT_CONVERSION = YES_AGGRESSIVE;
				CLANG_CXX_LANGUAGE_STANDARD = "gnu++14";
				CLANG_CXX_LIBRARY = "libc++";
				CLANG_ENABLE_MODULES = YES;
				CLANG_ENABLE_OBJC_ARC = YES;
				CLANG_ENABLE_OBJC_WEAK = YES;
				CLANG_WARN_BLOCK_CAPTURE_AUTORELEASING = YES;
				CLANG_WARN_BOOL_CONVERSION = YES;
				CLANG_WARN_COMMA = YES;
				CLANG_WARN_CONSTANT_CONVERSION = YES;
				CLANG_WARN_DEPRECATED_OBJC_IMPLEMENTATIONS = YES;
				CLANG_WARN_DIRECT_OBJC_ISA_USAGE = YES_ERROR;
				CLANG_WARN_DOCUMENTATION_COMMENTS = YES;
				CLANG_WARN_EMPTY_BODY = YES;
				CLANG_WARN_ENUM_CONVERSION = YES;
				CLANG_WARN_INFINITE_RECURSION = YES;
				CLANG_WARN_INT_CONVERSION = YES;
				CLANG_WARN_NON_LITERAL_NULL_CONVERSION = YES;
				CLANG_WARN_OBJC_IMPLICIT_RETAIN_SELF = YES;
				CLANG_WARN_OBJC_LITERAL_CONVERSION = YES;
				CLANG_WARN_OBJC_ROOT_CLASS = YES_ERROR;
				CLANG_WARN_RANGE_LOOP_ANALYSIS = YES;
				CLANG_WARN_STRICT_PROTOTYPES = YES;
				CLANG_WARN_SUSPICIOUS_MOVE = YES;
				CLANG_WARN_UNGUARDED_AVAILABILITY = YES_AGGRESSIVE;
				CLANG_WARN_UNREACHABLE_CODE = YES;
				CLANG_WARN__DUPLICATE_METHOD_MATCH = YES;
				COPY_PHASE_STRIP = NO;
				DEBUG_INFORMATION_FORMAT = "dwarf-with-dsym";
				ENABLE_NS_ASSERTIONS = NO;
				ENABLE_STRICT_OBJC_MSGSEND = YES;
				GCC_C_LANGUAGE_STANDARD = gnu11;
				GCC_NO_COMMON_BLOCKS = YES;
				GCC_WARN_64_TO_32_BIT_CONVERSION = YES;
				GCC_WARN_ABOUT_RETURN_TYPE = YES_ERROR;
				GCC_WARN_UNDECLARED_SELECTOR = YES;
				GCC_WARN_UNINITIALIZED_AUTOS = YES_AGGRESSIVE;
				GCC_WARN_UNUSED_FUNCTION = YES;
				GCC_WARN_UNUSED_VARIABLE = YES;
				IPHONEOS_DEPLOYMENT_TARGET = 13.2;
				MTL_ENABLE_DEBUG_INFO = NO;
				MTL_FAST_MATH = YES;
				SDKROOT = iphoneos;
				SWIFT_COMPILATION_MODE = wholemodule;
				SWIFT_OPTIMIZATION_LEVEL = "-O";
				VALIDATE_PRODUCT = YES;
			};
			name = Release;
		};
		EE38DAE223B4C15C00E6FEEA /* Debug */ = {
			isa = XCBuildConfiguration;
			baseConfigurationReference = DAA351FC7D00B66548890BC4 /* Pods-MovieListDemo.debug.xcconfig */;
			buildSettings = {
				ASSETCATALOG_COMPILER_APPICON_NAME = AppIcon;
				CODE_SIGN_STYLE = Automatic;
				DEVELOPMENT_TEAM = 88X9DS6ETV;
				INFOPLIST_FILE = MovieListDemo/Info.plist;
				LD_RUNPATH_SEARCH_PATHS = (
					"$(inherited)",
					"@executable_path/Frameworks",
				);
				PRODUCT_BUNDLE_IDENTIFIER = com.gevinchen.MovieListDemo;
				PRODUCT_NAME = "$(TARGET_NAME)";
				SWIFT_VERSION = 5.0;
				TARGETED_DEVICE_FAMILY = "1,2";
			};
			name = Debug;
		};
		EE38DAE323B4C15C00E6FEEA /* Release */ = {
			isa = XCBuildConfiguration;
			baseConfigurationReference = 59CD22BCE89BA9AFFB047890 /* Pods-MovieListDemo.release.xcconfig */;
			buildSettings = {
				ASSETCATALOG_COMPILER_APPICON_NAME = AppIcon;
				CODE_SIGN_STYLE = Automatic;
				DEVELOPMENT_TEAM = 88X9DS6ETV;
				INFOPLIST_FILE = MovieListDemo/Info.plist;
				LD_RUNPATH_SEARCH_PATHS = (
					"$(inherited)",
					"@executable_path/Frameworks",
				);
				PRODUCT_BUNDLE_IDENTIFIER = com.gevinchen.MovieListDemo;
				PRODUCT_NAME = "$(TARGET_NAME)";
				SWIFT_VERSION = 5.0;
				TARGETED_DEVICE_FAMILY = "1,2";
			};
			name = Release;
		};
/* End XCBuildConfiguration section */

/* Begin XCConfigurationList section */
		EE38DAC823B4C15600E6FEEA /* Build configuration list for PBXProject "MovieListDemo" */ = {
			isa = XCConfigurationList;
			buildConfigurations = (
				EE38DADF23B4C15C00E6FEEA /* Debug */,
				EE38DAE023B4C15C00E6FEEA /* Release */,
			);
			defaultConfigurationIsVisible = 0;
			defaultConfigurationName = Release;
		};
		EE38DAE123B4C15C00E6FEEA /* Build configuration list for PBXNativeTarget "MovieListDemo" */ = {
			isa = XCConfigurationList;
			buildConfigurations = (
				EE38DAE223B4C15C00E6FEEA /* Debug */,
				EE38DAE323B4C15C00E6FEEA /* Release */,
			);
			defaultConfigurationIsVisible = 0;
			defaultConfigurationName = Release;
		};
/* End XCConfigurationList section */
	};
	rootObject = EE38DAC523B4C15600E6FEEA /* Project object */;
}
